
Microsoft Visual Studio Solution File, Format Version 12.00
# Visual Studio Version 16
VisualStudioVersion = 16.0.30204.135
MinimumVisualStudioVersion = 10.0.40219.1
Project("{FAE04EC0-301F-11D3-BF4B-00C04F79EFBC}") = "contosoUniversity", "contosoUniversity.csproj", "{645CD3A4-06B9-4BD0-AE32-A58601AC421F}"
EndProject
Global
	GlobalSection(SolutionConfigurationPlatforms) = preSolution
		Debug|Any CPU = Debug|Any CPU
		Release|Any CPU = Release|Any CPU
	EndGlobalSection
	GlobalSection(ProjectConfigurationPlatforms) = postSolution
		{645CD3A4-06B9-4BD0-AE32-A58601AC421F}.Debug|Any CPU.ActiveCfg = Debug|Any CPU
		{645CD3A4-06B9-4BD0-AE32-A58601AC421F}.Debug|Any CPU.Build.0 = Debug|Any CPU
		{645CD3A4-06B9-4BD0-AE32-A58601AC421F}.Release|Any CPU.ActiveCfg = Release|Any CPU
		{645CD3A4-06B9-4BD0-AE32-A58601AC421F}.Release|Any CPU.Build.0 = Release|Any CPU
	EndGlobalSection
	GlobalSection(SolutionProperties) = preSolution
		HideSolutionNode = FALSE
	EndGlobalSection
	GlobalSection(ExtensibilityGlobals) = postSolution
		SolutionGuid = {ADB3B716-20FD-43C3-BBB6-00DAF48FADF0}
	EndGlobalSection
EndGlobal
